
Microsoft Visual Studio Solution File, Format Version 12.00
# Visual Studio Version 16
VisualStudioVersion = 16.0.29926.136
MinimumVisualStudioVersion = 10.0.40219.1
Project("{9A19103F-16F7-4668-BE54-9A1E7A4F7556}") = "Data.Presto", "src\Data.Presto\Data.Presto.csproj", "{E05E21C7-CCAE-423A-88C7-5F86BE541E68}"
EndProject
Project("{9A19103F-16F7-4668-BE54-9A1E7A4F7556}") = "EntityFrameworkCore.Presto", "src\EntityFrameworkCore.Presto\EntityFrameworkCore.Presto.csproj", "{2204B414-0275-4040-A0D3-24DD2243A6DD}"
EndProject
Project("{2150E333-8FDC-42A3-9474-1A3956D46DE8}") = "src", "src", "{8858B3CB-3AC7-4EDA-B2E7-4A0D10DE448A}"
EndProject
Project("{2150E333-8FDC-42A3-9474-1A3956D46DE8}") = "test", "test", "{3FDD4CC4-65FC-42FD-8D73-9A8F8632F5C3}"
EndProject
Project("{9A19103F-16F7-4668-BE54-9A1E7A4F7556}") = "EntityFrameworkCore.Presto.FunctionalTests", "test\EntityFrameworkCore.Presto.FunctionalTests\EntityFrameworkCore.Presto.FunctionalTests.csproj", "{F673AA6F-1EF7-4DBF-AB8F-FF6D3FDCD379}"
EndProject
Project("{2150E333-8FDC-42A3-9474-1A3956D46DE8}") = "sample", "sample", "{2897E4DB-E869-4DF0-92D6-EA4DFCB0F636}"
EndProject
Project("{9A19103F-16F7-4668-BE54-9A1E7A4F7556}") = "WebApplication1", "sample\WebApplication1\WebApplication1.csproj", "{0354CB28-F4E7-4142-B07B-B84C0ECA94F2}"
EndProject
Project("{9A19103F-16F7-4668-BE54-9A1E7A4F7556}") = "EntityFrameworkCore.Presto.Tests", "test\EntityFrameworkCore.Presto.Tests\EntityFrameworkCore.Presto.Tests.csproj", "{3CC46AB4-9E72-4D77-8234-92315CF1CE67}"
EndProject
Global
	GlobalSection(SolutionConfigurationPlatforms) = preSolution
		Debug|Any CPU = Debug|Any CPU
		Release|Any CPU = Release|Any CPU
	EndGlobalSection
	GlobalSection(ProjectConfigurationPlatforms) = postSolution
		{E05E21C7-CCAE-423A-88C7-5F86BE541E68}.Debug|Any CPU.ActiveCfg = Debug|Any CPU
		{E05E21C7-CCAE-423A-88C7-5F86BE541E68}.Debug|Any CPU.Build.0 = Debug|Any CPU
		{E05E21C7-CCAE-423A-88C7-5F86BE541E68}.Release|Any CPU.ActiveCfg = Release|Any CPU
		{E05E21C7-CCAE-423A-88C7-5F86BE541E68}.Release|Any CPU.Build.0 = Release|Any CPU
		{2204B414-0275-4040-A0D3-24DD2243A6DD}.Debug|Any CPU.ActiveCfg = Debug|Any CPU
		{2204B414-0275-4040-A0D3-24DD2243A6DD}.Debug|Any CPU.Build.0 = Debug|Any CPU
		{2204B414-0275-4040-A0D3-24DD2243A6DD}.Release|Any CPU.ActiveCfg = Release|Any CPU
		{2204B414-0275-4040-A0D3-24DD2243A6DD}.Release|Any CPU.Build.0 = Release|Any CPU
		{F673AA6F-1EF7-4DBF-AB8F-FF6D3FDCD379}.Debug|Any CPU.ActiveCfg = Debug|Any CPU
		{F673AA6F-1EF7-4DBF-AB8F-FF6D3FDCD379}.Debug|Any CPU.Build.0 = Debug|Any CPU
		{F673AA6F-1EF7-4DBF-AB8F-FF6D3FDCD379}.Release|Any CPU.ActiveCfg = Release|Any CPU
		{F673AA6F-1EF7-4DBF-AB8F-FF6D3FDCD379}.Release|Any CPU.Build.0 = Release|Any CPU
		{0354CB28-F4E7-4142-B07B-B84C0ECA94F2}.Debug|Any CPU.ActiveCfg = Debug|Any CPU
		{0354CB28-F4E7-4142-B07B-B84C0ECA94F2}.Debug|Any CPU.Build.0 = Debug|Any CPU
		{0354CB28-F4E7-4142-B07B-B84C0ECA94F2}.Release|Any CPU.ActiveCfg = Release|Any CPU
		{0354CB28-F4E7-4142-B07B-B84C0ECA94F2}.Release|Any CPU.Build.0 = Release|Any CPU
		{3CC46AB4-9E72-4D77-8234-92315CF1CE67}.Debug|Any CPU.ActiveCfg = Debug|Any CPU
		{3CC46AB4-9E72-4D77-8234-92315CF1CE67}.Debug|Any CPU.Build.0 = Debug|Any CPU
		{3CC46AB4-9E72-4D77-8234-92315CF1CE67}.Release|Any CPU.ActiveCfg = Release|Any CPU
		{3CC46AB4-9E72-4D77-8234-92315CF1CE67}.Release|Any CPU.Build.0 = Release|Any CPU
	EndGlobalSection
	GlobalSection(SolutionProperties) = preSolution
		HideSolutionNode = FALSE
	EndGlobalSection
	GlobalSection(NestedProjects) = preSolution
		{E05E21C7-CCAE-423A-88C7-5F86BE541E68} = {8858B3CB-3AC7-4EDA-B2E7-4A0D10DE448A}
		{2204B414-0275-4040-A0D3-24DD2243A6DD} = {8858B3CB-3AC7-4EDA-B2E7-4A0D10DE448A}
		{F673AA6F-1EF7-4DBF-AB8F-FF6D3FDCD379} = {3FDD4CC4-65FC-42FD-8D73-9A8F8632F5C3}
		{0354CB28-F4E7-4142-B07B-B84C0ECA94F2} = {2897E4DB-E869-4DF0-92D6-EA4DFCB0F636}
		{3CC46AB4-9E72-4D77-8234-92315CF1CE67} = {3FDD4CC4-65FC-42FD-8D73-9A8F8632F5C3}
	EndGlobalSection
	GlobalSection(ExtensibilityGlobals) = postSolution
		SolutionGuid = {0A202B88-592D-4D7A-BDD8-2BAB190FD345}
	EndGlobalSection
EndGlobal
